
Microsoft Visual Studio Solution File, Format Version 12.00
# Visual Studio Version 17
VisualStudioVersion = 17.0.31903.59
MinimumVisualStudioVersion = 10.0.40219.1
Project("{2150E333-8FDC-42A3-9474-1A3956D46DE8}") = "src", "src", "{827E0CD3-B72D-47B6-A68D-7590B98EB39B}"
EndProject
Project("{FAE04EC0-301F-11D3-BF4B-00C04F79EFBC}") = "Editor.App", "src\Editor.App\Editor.App.csproj", "{41CC0716-E346-4FC6-B0B7-FEC7445A8419}"
EndProject
Project("{FAE04EC0-301F-11D3-BF4B-00C04F79EFBC}") = "Editor.Core", "src\Editor.Core\Editor.Core.csproj", "{A01E7A91-190F-4C54-92DE-540EE9DCAB02}"
EndProject
Project("{2150E333-8FDC-42A3-9474-1A3956D46DE8}") = "tests", "tests", "{0AB3BF05-4346-4AA6-1389-037BE0695223}"
EndProject
Project("{FAE04EC0-301F-11D3-BF4B-00C04F79EFBC}") = "Editor.Core.Tests", "tests\Editor.Core.Tests\Editor.Core.Tests.csproj", "{7DDA808F-F328-4F92-B51B-0BAB4496610E}"
EndProject
Global
	GlobalSection(SolutionConfigurationPlatforms) = preSolution
		Debug|Any CPU = Debug|Any CPU
		Debug|x64 = Debug|x64
		Debug|x86 = Debug|x86
		Release|Any CPU = Release|Any CPU
		Release|x64 = Release|x64
		Release|x86 = Release|x86
	EndGlobalSection
	GlobalSection(ProjectConfigurationPlatforms) = postSolution
		{41CC0716-E346-4FC6-B0B7-FEC7445A8419}.Debug|Any CPU.ActiveCfg = Debug|Any CPU
		{41CC0716-E346-4FC6-B0B7-FEC7445A8419}.Debug|Any CPU.Build.0 = Debug|Any CPU
		{41CC0716-E346-4FC6-B0B7-FEC7445A8419}.Debug|x64.ActiveCfg = Debug|Any CPU
		{41CC0716-E346-4FC6-B0B7-FEC7445A8419}.Debug|x64.Build.0 = Debug|Any CPU
		{41CC0716-E346-4FC6-B0B7-FEC7445A8419}.Debug|x86.ActiveCfg = Debug|Any CPU
		{41CC0716-E346-4FC6-B0B7-FEC7445A8419}.Debug|x86.Build.0 = Debug|Any CPU
		{41CC0716-E346-4FC6-B0B7-FEC7445A8419}.Release|Any CPU.ActiveCfg = Release|Any CPU
		{41CC0716-E346-4FC6-B0B7-FEC7445A8419}.Release|Any CPU.Build.0 = Release|Any CPU
		{41CC0716-E346-4FC6-B0B7-FEC7445A8419}.Release|x64.ActiveCfg = Release|Any CPU
		{41CC0716-E346-4FC6-B0B7-FEC7445A8419}.Release|x64.Build.0 = Release|Any CPU
		{41CC0716-E346-4FC6-B0B7-FEC7445A8419}.Release|x86.ActiveCfg = Release|Any CPU
		{41CC0716-E346-4FC6-B0B7-FEC7445A8419}.Release|x86.Build.0 = Release|Any CPU
		{A01E7A91-190F-4C54-92DE-540EE9DCAB02}.Debug|Any CPU.ActiveCfg = Debug|Any CPU
		{A01E7A91-190F-4C54-92DE-540EE9DCAB02}.Debug|Any CPU.Build.0 = Debug|Any CPU
		{A01E7A91-190F-4C54-92DE-540EE9DCAB02}.Debug|x64.ActiveCfg = Debug|Any CPU
		{A01E7A91-190F-4C54-92DE-540EE9DCAB02}.Debug|x64.Build.0 = Debug|Any CPU
		{A01E7A91-190F-4C54-92DE-540EE9DCAB02}.Debug|x86.ActiveCfg = Debug|Any CPU
		{A01E7A91-190F-4C54-92DE-540EE9DCAB02}.Debug|x86.Build.0 = Debug|Any CPU
		{A01E7A91-190F-4C54-92DE-540EE9DCAB02}.Release|Any CPU.ActiveCfg = Release|Any CPU
		{A01E7A91-190F-4C54-92DE-540EE9DCAB02}.Release|Any CPU.Build.0 = Release|Any CPU
		{A01E7A91-190F-4C54-92DE-540EE9DCAB02}.Release|x64.ActiveCfg = Release|Any CPU
		{A01E7A91-190F-4C54-92DE-540EE9DCAB02}.Release|x64.Build.0 = Release|Any CPU
		{A01E7A91-190F-4C54-92DE-540EE9DCAB02}.Release|x86.ActiveCfg = Release|Any CPU
		{A01E7A91-190F-4C54-92DE-540EE9DCAB02}.Release|x86.Build.0 = Release|Any CPU
		{7DDA808F-F328-4F92-B51B-0BAB4496610E}.Debug|Any CPU.ActiveCfg = Debug|Any CPU
		{7DDA808F-F328-4F92-B51B-0BAB4496610E}.Debug|Any CPU.Build.0 = Debug|Any CPU
		{7DDA808F-F328-4F92-B51B-0BAB4496610E}.Debug|x64.ActiveCfg = Debug|Any CPU
		{7DDA808F-F328-4F92-B51B-0BAB4496610E}.Debug|x64.Build.0 = Debug|Any CPU
		{7DDA808F-F328-4F92-B51B-0BAB4496610E}.Debug|x86.ActiveCfg = Debug|Any CPU
		{7DDA808F-F328-4F92-B51B-0BAB4496610E}.Debug|x86.Build.0 = Debug|Any CPU
		{7DDA808F-F328-4F92-B51B-0BAB4496610E}.Release|Any CPU.ActiveCfg = Release|Any CPU
		{7DDA808F-F328-4F92-B51B-0BAB4496610E}.Release|Any CPU.Build.0 = Release|Any CPU
		{7DDA808F-F328-4F92-B51B-0BAB4496610E}.Release|x64.ActiveCfg = Release|Any CPU
		{7DDA808F-F328-4F92-B51B-0BAB4496610E}.Release|x64.Build.0 = Release|Any CPU
		{7DDA808F-F328-4F92-B51B-0BAB4496610E}.Release|x86.ActiveCfg = Release|Any CPU
		{7DDA808F-F328-4F92-B51B-0BAB4496610E}.Release|x86.Build.0 = Release|Any CPU
	EndGlobalSection
	GlobalSection(SolutionProperties) = preSolution
		HideSolutionNode = FALSE
	EndGlobalSection
	GlobalSection(NestedProjects) = preSolution
		{41CC0716-E346-4FC6-B0B7-FEC7445A8419} = {827E0CD3-B72D-47B6-A68D-7590B98EB39B}
		{A01E7A91-190F-4C54-92DE-540EE9DCAB02} = {827E0CD3-B72D-47B6-A68D-7590B98EB39B}
		{7DDA808F-F328-4F92-B51B-0BAB4496610E} = {0AB3BF05-4346-4AA6-1389-037BE0695223}
	EndGlobalSection
EndGlobal
